
Microsoft Visual Studio Solution File, Format Version 12.00
# Visual Studio 15
VisualStudioVersion = 15.0.27130.2036
MinimumVisualStudioVersion = 10.0.40219.1
Project("{9A19103F-16F7-4668-BE54-9A1E7A4F7556}") = "SpojDebug", "SpojDebug\SpojDebug.csproj", "{FDC054C3-C125-472B-91AE-B1697C791518}"
EndProject
Project("{2150E333-8FDC-42A3-9474-1A3956D46DE8}") = "1. Web", "1. Web", "{02D5B31B-9BFE-4F9A-8C93-55DC0D9DE426}"
EndProject
Project("{2150E333-8FDC-42A3-9474-1A3956D46DE8}") = "5. Common", "5. Common", "{064CF12C-32DA-4499-9763-990EE5F17AD3}"
EndProject
Project("{2150E333-8FDC-42A3-9474-1A3956D46DE8}") = "4. Data", "4. Data", "{3DEF220C-653A-45E5-A725-2CBF5056C842}"
EndProject
Project("{2150E333-8FDC-42A3-9474-1A3956D46DE8}") = "3. Business", "3. Business", "{2A6DFEC8-A0CA-43B9-B23F-C6B25EC0D22B}"
EndProject
Project("{2150E333-8FDC-42A3-9474-1A3956D46DE8}") = "2. Service", "2. Service", "{BE22F93B-B99A-4CD0-A6A8-5EB8DD760CE4}"
EndProject
Project("{9A19103F-16F7-4668-BE54-9A1E7A4F7556}") = "SpojDebug.Service", "SpojDebug.Service\SpojDebug.Service.csproj", "{AAC051EA-BB46-4F9E-8A40-20AF56B47823}"
EndProject
Project("{9A19103F-16F7-4668-BE54-9A1E7A4F7556}") = "SpojDebug.Service.Logic", "SpojDebug.Service.Logic\SpojDebug.Service.Logic.csproj", "{EE1B520B-2C34-4E70-8263-F94F3FC8AAF8}"
EndProject
Project("{9A19103F-16F7-4668-BE54-9A1E7A4F7556}") = "SpojDebug.Business", "SpojDebug.Business\SpojDebug.Business.csproj", "{9B5465F8-BBB8-4C85-AE4D-7512B5061DB9}"
EndProject
Project("{9A19103F-16F7-4668-BE54-9A1E7A4F7556}") = "SpojDebug.Business.Logic", "SpojDebug.Business.Logic\SpojDebug.Business.Logic.csproj", "{E7045DF1-4852-4137-A6C7-8D0994B05ADB}"
EndProject
Project("{9A19103F-16F7-4668-BE54-9A1E7A4F7556}") = "SpojDebug.Data", "SpojDebug.Data\SpojDebug.Data.csproj", "{B4754032-21BE-47F7-A900-77D12F51B395}"
EndProject
Project("{9A19103F-16F7-4668-BE54-9A1E7A4F7556}") = "SpojDebug.Data.EF", "SpojDebug.Data.EF\SpojDebug.Data.EF.csproj", "{E832EB40-29DF-4AAF-9529-45EA375CCDFD}"
EndProject
Project("{9A19103F-16F7-4668-BE54-9A1E7A4F7556}") = "SpojDebug.Core", "SpojDebug.Core\SpojDebug.Core.csproj", "{09384937-C15C-4BD6-8CCF-440EDB666B07}"
EndProject
Project("{9A19103F-16F7-4668-BE54-9A1E7A4F7556}") = "SpojDebug.Mapper", "SpojDebug.Mapper\SpojDebug.Mapper.csproj", "{64BAF787-6EAF-44B6-A782-8A167171CFE3}"
EndProject
Project("{9A19103F-16F7-4668-BE54-9A1E7A4F7556}") = "SpojDebug.Ultil", "SpojDebug.Ultil\SpojDebug.Ultil.csproj", "{C44C2D29-9FCC-4288-9DAB-FB68DC71F59B}"
EndProject
Global
	GlobalSection(SolutionConfigurationPlatforms) = preSolution
		Debug|Any CPU = Debug|Any CPU
		Release|Any CPU = Release|Any CPU
	EndGlobalSection
	GlobalSection(ProjectConfigurationPlatforms) = postSolution
		{FDC054C3-C125-472B-91AE-B1697C791518}.Debug|Any CPU.ActiveCfg = Debug|Any CPU
		{FDC054C3-C125-472B-91AE-B1697C791518}.Debug|Any CPU.Build.0 = Debug|Any CPU
		{FDC054C3-C125-472B-91AE-B1697C791518}.Release|Any CPU.ActiveCfg = Release|Any CPU
		{FDC054C3-C125-472B-91AE-B1697C791518}.Release|Any CPU.Build.0 = Release|Any CPU
		{AAC051EA-BB46-4F9E-8A40-20AF56B47823}.Debug|Any CPU.ActiveCfg = Debug|Any CPU
		{AAC051EA-BB46-4F9E-8A40-20AF56B47823}.Debug|Any CPU.Build.0 = Debug|Any CPU
		{AAC051EA-BB46-4F9E-8A40-20AF56B47823}.Release|Any CPU.ActiveCfg = Release|Any CPU
		{AAC051EA-BB46-4F9E-8A40-20AF56B47823}.Release|Any CPU.Build.0 = Release|Any CPU
		{EE1B520B-2C34-4E70-8263-F94F3FC8AAF8}.Debug|Any CPU.ActiveCfg = Debug|Any CPU
		{EE1B520B-2C34-4E70-8263-F94F3FC8AAF8}.Debug|Any CPU.Build.0 = Debug|Any CPU
		{EE1B520B-2C34-4E70-8263-F94F3FC8AAF8}.Release|Any CPU.ActiveCfg = Release|Any CPU
		{EE1B520B-2C34-4E70-8263-F94F3FC8AAF8}.Release|Any CPU.Build.0 = Release|Any CPU
		{9B5465F8-BBB8-4C85-AE4D-7512B5061DB9}.Debug|Any CPU.ActiveCfg = Debug|Any CPU
		{9B5465F8-BBB8-4C85-AE4D-7512B5061DB9}.Debug|Any CPU.Build.0 = Debug|Any CPU
		{9B5465F8-BBB8-4C85-AE4D-7512B5061DB9}.Release|Any CPU.ActiveCfg = Release|Any CPU
		{9B5465F8-BBB8-4C85-AE4D-7512B5061DB9}.Release|Any CPU.Build.0 = Release|Any CPU
		{E7045DF1-4852-4137-A6C7-8D0994B05ADB}.Debug|Any CPU.ActiveCfg = Debug|Any CPU
		{E7045DF1-4852-4137-A6C7-8D0994B05ADB}.Debug|Any CPU.Build.0 = Debug|Any CPU
		{E7045DF1-4852-4137-A6C7-8D0994B05ADB}.Release|Any CPU.ActiveCfg = Release|Any CPU
		{E7045DF1-4852-4137-A6C7-8D0994B05ADB}.Release|Any CPU.Build.0 = Release|Any CPU
		{B4754032-21BE-47F7-A900-77D12F51B395}.Debug|Any CPU.ActiveCfg = Debug|Any CPU
		{B4754032-21BE-47F7-A900-77D12F51B395}.Debug|Any CPU.Build.0 = Debug|Any CPU
		{B4754032-21BE-47F7-A900-77D12F51B395}.Release|Any CPU.ActiveCfg = Release|Any CPU
		{B4754032-21BE-47F7-A900-77D12F51B395}.Release|Any CPU.Build.0 = Release|Any CPU
		{E832EB40-29DF-4AAF-9529-45EA375CCDFD}.Debug|Any CPU.ActiveCfg = Debug|Any CPU
		{E832EB40-29DF-4AAF-9529-45EA375CCDFD}.Debug|Any CPU.Build.0 = Debug|Any CPU
		{E832EB40-29DF-4AAF-9529-45EA375CCDFD}.Release|Any CPU.ActiveCfg = Release|Any CPU
		{E832EB40-29DF-4AAF-9529-45EA375CCDFD}.Release|Any CPU.Build.0 = Release|Any CPU
		{09384937-C15C-4BD6-8CCF-440EDB666B07}.Debug|Any CPU.ActiveCfg = Debug|Any CPU
		{09384937-C15C-4BD6-8CCF-440EDB666B07}.Debug|Any CPU.Build.0 = Debug|Any CPU
		{09384937-C15C-4BD6-8CCF-440EDB666B07}.Release|Any CPU.ActiveCfg = Release|Any CPU
		{09384937-C15C-4BD6-8CCF-440EDB666B07}.Release|Any CPU.Build.0 = Release|Any CPU
		{64BAF787-6EAF-44B6-A782-8A167171CFE3}.Debug|Any CPU.ActiveCfg = Debug|Any CPU
		{64BAF787-6EAF-44B6-A782-8A167171CFE3}.Debug|Any CPU.Build.0 = Debug|Any CPU
		{64BAF787-6EAF-44B6-A782-8A167171CFE3}.Release|Any CPU.ActiveCfg = Release|Any CPU
		{64BAF787-6EAF-44B6-A782-8A167171CFE3}.Release|Any CPU.Build.0 = Release|Any CPU
		{C44C2D29-9FCC-4288-9DAB-FB68DC71F59B}.Debug|Any CPU.ActiveCfg = Debug|Any CPU
		{C44C2D29-9FCC-4288-9DAB-FB68DC71F59B}.Debug|Any CPU.Build.0 = Debug|Any CPU
		{C44C2D29-9FCC-4288-9DAB-FB68DC71F59B}.Release|Any CPU.ActiveCfg = Release|Any CPU
		{C44C2D29-9FCC-4288-9DAB-FB68DC71F59B}.Release|Any CPU.Build.0 = Release|Any CPU
	EndGlobalSection
	GlobalSection(SolutionProperties) = preSolution
		HideSolutionNode = FALSE
	EndGlobalSection
	GlobalSection(NestedProjects) = preSolution
		{FDC054C3-C125-472B-91AE-B1697C791518} = {02D5B31B-9BFE-4F9A-8C93-55DC0D9DE426}
		{AAC051EA-BB46-4F9E-8A40-20AF56B47823} = {BE22F93B-B99A-4CD0-A6A8-5EB8DD760CE4}
		{EE1B520B-2C34-4E70-8263-F94F3FC8AAF8} = {BE22F93B-B99A-4CD0-A6A8-5EB8DD760CE4}
		{9B5465F8-BBB8-4C85-AE4D-7512B5061DB9} = {2A6DFEC8-A0CA-43B9-B23F-C6B25EC0D22B}
		{E7045DF1-4852-4137-A6C7-8D0994B05ADB} = {2A6DFEC8-A0CA-43B9-B23F-C6B25EC0D22B}
		{B4754032-21BE-47F7-A900-77D12F51B395} = {3DEF220C-653A-45E5-A725-2CBF5056C842}
		{E832EB40-29DF-4AAF-9529-45EA375CCDFD} = {3DEF220C-653A-45E5-A725-2CBF5056C842}
		{09384937-C15C-4BD6-8CCF-440EDB666B07} = {064CF12C-32DA-4499-9763-990EE5F17AD3}
		{64BAF787-6EAF-44B6-A782-8A167171CFE3} = {064CF12C-32DA-4499-9763-990EE5F17AD3}
		{C44C2D29-9FCC-4288-9DAB-FB68DC71F59B} = {064CF12C-32DA-4499-9763-990EE5F17AD3}
	EndGlobalSection
	GlobalSection(ExtensibilityGlobals) = postSolution
		SolutionGuid = {82379678-DD1B-4BCE-8273-1B6A72F0482C}
	EndGlobalSection
EndGlobal
